
Microsoft Visual Studio Solution File, Format Version 12.00
# Visual Studio 15
VisualStudioVersion = 15.0.28307.168
MinimumVisualStudioVersion = 10.0.40219.1
Project("{888888A0-9F3D-457C-B088-3A5042F75D52}") = "EULER19", "EULER19\EULER19.pyproj", "{17FD0B02-A5C1-48C5-852E-EC48E4478527}"
EndProject
Global
	GlobalSection(SolutionConfigurationPlatforms) = preSolution
		Debug|Any CPU = Debug|Any CPU
		Release|Any CPU = Release|Any CPU
	EndGlobalSection
	GlobalSection(ProjectConfigurationPlatforms) = postSolution
		{17FD0B02-A5C1-48C5-852E-EC48E4478527}.Debug|Any CPU.ActiveCfg = Debug|Any CPU
		{17FD0B02-A5C1-48C5-852E-EC48E4478527}.Release|Any CPU.ActiveCfg = Release|Any CPU
	EndGlobalSection
	GlobalSection(SolutionProperties) = preSolution
		HideSolutionNode = FALSE
	EndGlobalSection
	GlobalSection(ExtensibilityGlobals) = postSolution
		SolutionGuid = {92081DAA-B75B-4C02-95F2-1422FE093C81}
	EndGlobalSection
EndGlobal
